{
  "name": "kpanq",
  "lockfileVersion": 3,
  "requires": true,
  "packages": {
    "": {
      "devDependencies": {
        "@babylonjs/core": "^8.9.0"
      }
    },
    "node_modules/@babylonjs/core": {
      "version": "8.9.0",
      "resolved": "https://registry.npmjs.org/@babylonjs/core/-/core-8.9.0.tgz",
      "integrity": "sha512-ZHMDsjFZqeSejtJ+sR2OjUHjk4gjgfjX/iDdZKJMHhst4T/P2pTRl/zcpuxYijqe6P03KV35n5INhShRXV/psw==",
      "dev": true,
      "license": "Apache-2.0"
    }
  }
}
